
Microsoft Visual Studio Solution File, Format Version 12.00
# Visual Studio 15
VisualStudioVersion = 15.0.28307.489
MinimumVisualStudioVersion = 10.0.40219.1
Project("{FAE04EC0-301F-11D3-BF4B-00C04F79EFBC}") = "DeepRacer", "DeepRacer\DeepRacer.csproj", "{BFBBE77C-7F89-451F-B406-03676EAC007E}"
EndProject
Project("{2150E333-8FDC-42A3-9474-1A3956D46DE8}") = "Solution Items", "Solution Items", "{9377A989-D735-4F6B-9F1B-2D83E085BE53}"
	ProjectSection(SolutionItems) = preProject
		README.md = README.md
	EndProjectSection
EndProject
Global
	GlobalSection(SolutionConfigurationPlatforms) = preSolution
		Debug|Any CPU = Debug|Any CPU
		Release|Any CPU = Release|Any CPU
	EndGlobalSection
	GlobalSection(ProjectConfigurationPlatforms) = postSolution
		{BFBBE77C-7F89-451F-B406-03676EAC007E}.Debug|Any CPU.ActiveCfg = Debug|Any CPU
		{BFBBE77C-7F89-451F-B406-03676EAC007E}.Debug|Any CPU.Build.0 = Debug|Any CPU
		{BFBBE77C-7F89-451F-B406-03676EAC007E}.Release|Any CPU.ActiveCfg = Release|Any CPU
		{BFBBE77C-7F89-451F-B406-03676EAC007E}.Release|Any CPU.Build.0 = Release|Any CPU
	EndGlobalSection
	GlobalSection(SolutionProperties) = preSolution
		HideSolutionNode = FALSE
	EndGlobalSection
	GlobalSection(ExtensibilityGlobals) = postSolution
		SolutionGuid = {55EB6999-560A-4596-ACED-8B925593DA2F}
	EndGlobalSection
EndGlobal
